
Microsoft Visual Studio Solution File, Format Version 12.00
# Visual Studio 15
VisualStudioVersion = 15.0.26228.9
MinimumVisualStudioVersion = 10.0.40219.1
Project("{8BC9CEB8-8B4A-11D0-8D11-00A0C91BC942}") = "CFGverifier", "CFGverifier\CFGverifier.vcxproj", "{0BB97D22-6566-4398-B74D-589AE7C05B47}"
EndProject
Global
	GlobalSection(SolutionConfigurationPlatforms) = preSolution
		Debug|x64 = Debug|x64
		Debug|x86 = Debug|x86
		Release|x64 = Release|x64
		Release|x86 = Release|x86
	EndGlobalSection
	GlobalSection(ProjectConfigurationPlatforms) = postSolution
		{0BB97D22-6566-4398-B74D-589AE7C05B47}.Debug|x64.ActiveCfg = Debug|x64
		{0BB97D22-6566-4398-B74D-589AE7C05B47}.Debug|x64.Build.0 = Debug|x64
		{0BB97D22-6566-4398-B74D-589AE7C05B47}.Debug|x86.ActiveCfg = Debug|Win32
		{0BB97D22-6566-4398-B74D-589AE7C05B47}.Debug|x86.Build.0 = Debug|Win32
		{0BB97D22-6566-4398-B74D-589AE7C05B47}.Release|x64.ActiveCfg = Release|x64
		{0BB97D22-6566-4398-B74D-589AE7C05B47}.Release|x64.Build.0 = Release|x64
		{0BB97D22-6566-4398-B74D-589AE7C05B47}.Release|x86.ActiveCfg = Release|Win32
		{0BB97D22-6566-4398-B74D-589AE7C05B47}.Release|x86.Build.0 = Release|Win32
	EndGlobalSection
	GlobalSection(SolutionProperties) = preSolution
		HideSolutionNode = FALSE
	EndGlobalSection
EndGlobal
